# This file is automatically @generated by Poetry 2.2.1 and should not be changed by hand.

[[package]]
name = "aiosqlite"
version = "0.20.0"
description = "asyncio bridge to the standard sqlite3 module"
optional = false
python-versions = ">=3.8"
groups = ["main"]
files = [
    {file = "aiosqlite-0.20.0-py3-none-any.whl", hash = "sha256:36a1deaca0cac40ebe32aac9977a6e2bbc7f5189f23f4a54d5908986729e5bd6"},
    {file = "aiosqlite-0.20.0.tar.gz", hash = "sha256:6d35c8c256637f4672f843c31021464090805bf925385ac39473fb16eaaca3d7"},
]

[package.dependencies]
typing_extensions = ">=4.0"

[package.extras]
dev = ["attribution (==1.7.0)", "black (==24.2.0)", "coverage[toml] (==7.4.1)", "flake8 (==7.0.0)", "flake8-bugbear (==24.2.6)", "flit (==3.9.0)", "mypy (==1.8.0)", "ufmt (==2.3.0)", "usort (==1.0.8.post1)"]
docs = ["sphinx (==7.2.6)", "sphinx-mdinclude (==0.5.3)"]

[[package]]
name = "asyncpg"
version = "0.30.0"
description = "An asyncio PostgreSQL driver"
optional = false
python-versions = ">=3.8.0"
groups = ["main"]
files = [
    {file = "asyncpg-0.30.0-cp310-cp310-macosx_10_9_x86_64.whl", hash = "sha256:bfb4dd5ae0699bad2b233672c8fc5ccbd9ad24b89afded02341786887e37927e"},
    {file = "asyncpg-0.30.0-cp310-cp310-macosx_11_0_arm64.whl", hash = "sha256:dc1f62c792752a49f88b7e6f774c26077091b44caceb1983509edc18a2222ec0"},
    {file = "asyncpg-0.30.0-cp310-cp310-manylinux_2_17_aarch64.manylinux2014_aarch64.whl", hash = "sha256:3152fef2e265c9c24eec4ee3d22b4f4d2703d30614b0b6753e9ed4115c8a146f"},
    {file = "asyncpg-0.30.0-cp310-cp310-manylinux_2_17_x86_64.manylinux2014_x86_64.whl", hash = "sha256:c7255812ac85099a0e1ffb81b10dc477b9973345793776b128a23e60148dd1af"},
    {file = "asyncpg-0.30.0-cp310-cp310-musllinux_1_2_aarch64.whl", hash = "sha256:578445f09f45d1ad7abddbff2a3c7f7c291738fdae0abffbeb737d3fc3ab8b75"},
    {file = "asyncpg-0.30.0-cp310-cp310-musllinux_1_2_x86_64.whl", hash = "sha256:c42f6bb65a277ce4d93f3fba46b91a265631c8df7250592dd4f11f8b0152150f"},
    {file = "asyncpg-0.30.0-cp310-cp310-win32.whl", hash = "sha256:aa403147d3e07a267ada2ae34dfc9324e67ccc4cdca35261c8c22792ba2b10cf"},
    {file = "asyncpg-0.30.0-cp310-cp310-win_amd64.whl", hash = "sha256:fb622c94db4e13137c4c7f98834185049cc50ee01d8f657ef898b6407c7b9c50"},
    {file = "asyncpg-0.30.0-cp311-cp311-macosx_10_9_x86_64.whl", hash = "sha256:5e0511ad3dec5f6b4f7a9e063591d407eee66b88c14e2ea636f187da1dcfff6a"},
    {file = "asyncpg-0.30.0-cp311-cp311-macosx_11_0_arm64.whl", hash = "sha256:915aeb9f79316b43c3207363af12d0e6fd10776641a7de8a01212afd95bdf0ed"},
    {file = "asyncpg-0.30.0-cp311-cp311-manylinux_2_17_aarch64.manylinux2014_aarch64.whl", hash = "sha256:1c198a00cce9506fcd0bf219a799f38ac7a237745e1d27f0e1f66d3707c84a5a"},
    {file = "asyncpg-0.30.0-cp311-cp311-manylinux_2_17_x86_64.manylinux2014_x86_64.whl", hash = "sha256:3326e6d7381799e9735ca2ec9fd7be4d5fef5dcbc3cb555d8a463d8460607956"},
    {file = "asyncpg-0.30.0-cp311-cp311-musllinux_1_2_aarch64.whl", hash = "sha256:51da377487e249e35bd0859661f6ee2b81db11ad1f4fc036194bc9cb2ead5056"},
    {file = "asyncpg-0.30.0-cp311-cp311-musllinux_1_2_x86_64.whl", hash = "sha256:bc6d84136f9c4d24d358f3b02be4b6ba358abd09f80737d1ac7c444f36108454"},
    {file = "asyncpg-0.30.0-cp311-cp311-win32.whl", hash = "sha256:574156480df14f64c2d76450a3f3aaaf26105869cad3865041156b38459e935d"},
    {file = "asyncpg-0.30.0-cp311-cp311-win_amd64.whl", hash = "sha256:3356637f0bd830407b5597317b3cb3571387ae52ddc3bca6233682be88bbbc1f"},
    {file = "asyncpg-0.30.0-cp312-cp312-macosx_10_13_x86_64.whl", hash = "sha256:c902a60b52e506d38d7e80e0dd5399f657220f24635fee368117b8b5fce1142e"},
    {file = "asyncpg-0.30.0-cp312-cp312-macosx_11_0_arm64.whl", hash = "sha256:aca1548e43bbb9f0f627a04666fedaca23db0a31a84136ad1f868cb15deb6e3a"},
    {file = "asyncpg-0.30.0-cp312-cp312-manylinux_2_17_aarch64.manylinux2014_aarch64.whl", hash = "sha256:6c2a2ef565400234a633da0eafdce27e843836256d40705d83ab7ec42074efb3"},
    {file = "asyncpg-0.30.0-cp312-cp312-manylinux_2_17_x86_64.manylinux2014_x86_64.whl", hash = "sha256:1292b84ee06ac8a2ad8e51c7475aa309245874b61333d97411aab835c4a2f737"},
    {file = "asyncpg-0.30.0-cp312-cp312-musllinux_1_2_aarch64.whl", hash = "sha256:0f5712350388d0cd0615caec629ad53c81e506b1abaaf8d14c93f54b35e3595a"},
    {file = "asyncpg-0.30.0-cp312-cp312-musllinux_1_2_x86_64.whl", hash = "sha256:db9891e2d76e6f425746c5d2da01921e9a16b5a71a1c905b13f30e12a257c4af"},
    {file = "asyncpg-0.30.0-cp312-cp312-win32.whl", hash = "sha256:68d71a1be3d83d0570049cd1654a9bdfe506e794ecc98ad0873304a9f35e411e"},
    {file = "asyncpg-0.30.0-cp312-cp312-win_amd64.whl", hash = "sha256:9a0292c6af5c500523949155ec17b7fe01a00ace33b68a476d6b5059f9630305"},
    {file = "asyncpg-0.30.0-cp313-cp313-macosx_10_13_x86_64.whl", hash = "sha256:05b185ebb8083c8568ea8a40e896d5f7af4b8554b64d7719c0eaa1eb5a5c3a70"},
    {file = "asyncpg-0.30.0-cp313-cp313-macosx_11_0_arm64.whl", hash = "sha256:c47806b1a8cbb0a0db896f4cd34d89942effe353a5035c62734ab13b9f938da3"},
    {file = "asyncpg-0.30.0-cp313-cp313-manylinux_2_17_aarch64.manylinux2014_aarch64.whl", hash = "sha256:9b6fde867a74e8c76c71e2f64f80c64c0f3163e687f1763cfaf21633ec24ec33"},
    {file = "asyncpg-0.30.0-cp313-cp313-manylinux_2_17_x86_64.manylinux2014_x86_64.whl", hash = "sha256:46973045b567972128a27d40001124fbc821c87a6cade040cfcd4fa8a30bcdc4"},
    {file = "asyncpg-0.30.0-cp313-cp313-musllinux_1_2_aarch64.whl", hash = "sha256:9110df111cabc2ed81aad2f35394a00cadf4f2e0635603db6ebbd0fc896f46a4"},
    {file = "asyncpg-0.30.0-cp313-cp313-musllinux_1_2_x86_64.whl", hash = "sha256:04ff0785ae7eed6cc138e73fc67b8e51d54ee7a3ce9b63666ce55a0bf095f7ba"},
    {file = "asyncpg-0.30.0-cp313-cp313-win32.whl", hash = "sha256:ae374585f51c2b444510cdf3595b97ece4f233fde739aa14b50e0d64e8a7a590"},
    {file = "asyncpg-0.30.0-cp313-cp313-win_amd64.whl", hash = "sha256:f59b430b8e27557c3fb9869222559f7417ced18688375825f8f12302c34e915e"},
    {file = "asyncpg-0.30.0-cp38-cp38-macosx_10_9_x86_64.whl", hash = "sha256:29ff1fc8b5bf724273782ff8b4f57b0f8220a1b2324184846b39d1ab4122031d"},
    {file = "asyncpg-0.30.0-cp38-cp38-macosx_11_0_arm64.whl", hash = "sha256:64e899bce0600871b55368b8483e5e3e7f1860c9482e7f12e0a771e747988168"},
    {file = "asyncpg-0.30.0-cp38-cp38-manylinux_2_17_aarch64.manylinux2014_aarch64.whl", hash = "sha256:5b290f4726a887f75dcd1b3006f484252db37602313f806e9ffc4e5996cfe5cb"},
    {file = "asyncpg-0.30.0-cp38-cp38-manylinux_2_17_x86_64.manylinux2014_x86_64.whl", hash = "sha256:f86b0e2cd3f1249d6fe6fd6cfe0cd4538ba994e2d8249c0491925629b9104d0f"},
    {file = "asyncpg-0.30.0-cp38-cp38-musllinux_1_2_aarch64.whl", hash = "sha256:393af4e3214c8fa4c7b86da6364384c0d1b3298d45803375572f415b6f673f38"},
    {file = "asyncpg-0.30.0-cp38-cp38-musllinux_1_2_x86_64.whl", hash = "sha256:fd4406d09208d5b4a14db9a9dbb311b6d7aeeab57bded7ed2f8ea41aeef39b34"},
    {file = "asyncpg-0.30.0-cp38-cp38-win32.whl", hash = "sha256:0b448f0150e1c3b96cb0438a0d0aa4871f1472e58de14a3ec320dbb2798fb0d4"},
    {file = "asyncpg-0.30.0-cp38-cp38-win_amd64.whl", hash = "sha256:f23b836dd90bea21104f69547923a02b167d999ce053f3d502081acea2fba15b"},
    {file = "asyncpg-0.30.0-cp39-cp39-macosx_10_9_x86_64.whl", hash = "sha256:6f4e83f067b35ab5e6371f8a4c93296e0439857b4569850b178a01385e82e9ad"},
    {file = "asyncpg-0.30.0-cp39-cp39-macosx_11_0_arm64.whl", hash = "sha256:5df69d55add4efcd25ea2a3b02025b669a285b767bfbf06e356d68dbce4234ff"},
    {file = "asyncpg-0.30.0-cp39-cp39-manylinux_2_17_aarch64.manylinux2014_aarch64.whl", hash = "sha256:a3479a0d9a852c7c84e822c073622baca862d1217b10a02dd57ee4a7a081f708"},
    {file = "asyncpg-0.30.0-cp39-cp39-manylinux_2_17_x86_64.manylinux2014_x86_64.whl", hash = "sha256:26683d3b9a62836fad771a18ecf4659a30f348a561279d6227dab96182f46144"},
    {file = "asyncpg-0.30.0-cp39-cp39-musllinux_1_2_aarch64.whl", hash = "sha256:1b982daf2441a0ed314bd10817f1606f1c28b1136abd9e4f11335358c2c631cb"},
    {file = "asyncpg-0.30.0-cp39-cp39-musllinux_1_2_x86_64.whl", hash = "sha256:1c06a3a50d014b303e5f6fc1e5f95eb28d2cee89cf58384b700da621e5d5e547"},
    {file = "asyncpg-0.30.0-cp39-cp39-win32.whl", hash = "sha256:1b11a555a198b08f5c4baa8f8231c74a366d190755aa4f99aacec5970afe929a"},
    {file = "asyncpg-0.30.0-cp39-cp39-win_amd64.whl", hash = "sha256:8b684a3c858a83cd876f05958823b68e8d14ec01bb0c0d14a6704c5bf9711773"},
    {file = "asyncpg-0.30.0.tar.gz", hash = "sha256:c551e9928ab6707602f44811817f82ba3c446e018bfe1d3abecc8ba5f3eac851"},
]

[package.extras]
docs = ["Sphinx (>=8.1.3,<8.2.0)", "sphinx-rtd-theme (>=1.2.2)"]
gssauth = ["gssapi ; platform_system != \"Windows\"", "sspilib ; platform_system == \"Windows\""]
test = ["distro (>=1.9.0,<1.10.0)", "flake8 (>=6.1,<7.0)", "flake8-pyi (>=24.1.0,<24.2.0)", "gssapi ; platform_system == \"Linux\"", "k5test ; platform_system == \"Linux\"", "mypy (>=1.8.0,<1.9.0)", "sspilib ; platform_system == \"Windows\"", "uvloop (>=0.15.3) ; platform_system != \"Windows\" and python_version < \"3.14.0\""]

[[package]]
name = "iso8601"
version = "2.1.0"
description = "Simple module to parse ISO 8601 dates"
optional = false
python-versions = ">=3.7,<4.0"
groups = ["main"]
markers = "python_version < \"4.0\""
files = [
    {file = "iso8601-2.1.0-py3-none-any.whl", hash = "sha256:aac4145c4dcb66ad8b648a02830f5e2ff6c24af20f4f482689be402db2429242"},
    {file = "iso8601-2.1.0.tar.gz", hash = "sha256:6b1d3829ee8921c4301998c909f7829fa9ed3cbdac0d3b16af2d743aed1ba8df"},
]

[[package]]
name = "mypy"
version = "1.18.2"
description = "Optional static typing for Python"
optional = false
python-versions = ">=3.9"
groups = ["dev"]
files = [
    {file = "mypy-1.18.2-cp310-cp310-macosx_10_9_x86_64.whl", hash = "sha256:c1eab0cf6294dafe397c261a75f96dc2c31bffe3b944faa24db5def4e2b0f77c"},
    {file = "mypy-1.18.2-cp310-cp310-macosx_11_0_arm64.whl", hash = "sha256:7a780ca61fc239e4865968ebc5240bb3bf610ef59ac398de9a7421b54e4a207e"},
    {file = "mypy-1.18.2-cp310-cp310-manylinux2014_aarch64.manylinux_2_17_aarch64.manylinux_2_28_aarch64.whl", hash = "sha256:448acd386266989ef11662ce3c8011fd2a7b632e0ec7d61a98edd8e27472225b"},
    {file = "mypy-1.18.2-cp310-cp310-manylinux2014_x86_64.manylinux_2_17_x86_64.manylinux_2_28_x86_64.whl", hash = "sha256:f9e171c465ad3901dc652643ee4bffa8e9fef4d7d0eece23b428908c77a76a66"},
    {file = "mypy-1.18.2-cp310-cp310-musllinux_1_2_x86_64.whl", hash = "sha256:592ec214750bc00741af1f80cbf96b5013d81486b7bb24cb052382c19e40b428"},
    {file = "mypy-1.18.2-cp310-cp310-win_amd64.whl", hash = "sha256:7fb95f97199ea11769ebe3638c29b550b5221e997c63b14ef93d2e971606ebed"},
    {file = "mypy-1.18.2-cp311-cp311-macosx_10_9_x86_64.whl", hash = "sha256:807d9315ab9d464125aa9fcf6d84fde6e1dc67da0b6f80e7405506b8ac72bc7f"},
    {file = "mypy-1.18.2-cp311-cp311-macosx_11_0_arm64.whl", hash = "sha256:776bb00de1778caf4db739c6e83919c1d85a448f71979b6a0edd774ea8399341"},
    {file = "mypy-1.18.2-cp311-cp311-manylinux2014_aarch64.manylinux_2_17_aarch64.manylinux_2_28_aarch64.whl", hash = "sha256:1379451880512ffce14505493bd9fe469e0697543717298242574882cf8cdb8d"},
    {file = "mypy-1.18.2-cp311-cp311-manylinux2014_x86_64.manylinux_2_17_x86_64.manylinux_2_28_x86_64.whl", hash = "sha256:1331eb7fd110d60c24999893320967594ff84c38ac6d19e0a76c5fd809a84c86"},
    {file = "mypy-1.18.2-cp311-cp311-musllinux_1_2_x86_64.whl", hash = "sha256:3ca30b50a51e7ba93b00422e486cbb124f1c56a535e20eff7b2d6ab72b3b2e37"},
    {file = "mypy-1.18.2-cp311-cp311-win_amd64.whl", hash = "sha256:664dc726e67fa54e14536f6e1224bcfce1d9e5ac02426d2326e2bb4e081d1ce8"},
    {file = "mypy-1.18.2-cp312-cp312-macosx_10_13_x86_64.whl", hash = "sha256:33eca32dd124b29400c31d7cf784e795b050ace0e1f91b8dc035672725617e34"},
    {file = "mypy-1.18.2-cp312-cp312-macosx_11_0_arm64.whl", hash = "sha256:a3c47adf30d65e89b2dcd2fa32f3aeb5e94ca970d2c15fcb25e297871c8e4764"},
    {file = "mypy-1.18.2-cp312-cp312-manylinux2014_aarch64.manylinux_2_17_aarch64.manylinux_2_28_aarch64.whl", hash = "sha256:5d6c838e831a062f5f29d11c9057c6009f60cb294fea33a98422688181fe2893"},
    {file = "mypy-1.18.2-cp312-cp312-manylinux2014_x86_64.manylinux_2_17_x86_64.manylinux_2_28_x86_64.whl", hash = "sha256:01199871b6110a2ce984bde85acd481232d17413868c9807e95c1b0739a58914"},
    {file = "mypy-1.18.2-cp312-cp312-musllinux_1_2_x86_64.whl", hash = "sha256:a2afc0fa0b0e91b4599ddfe0f91e2c26c2b5a5ab263737e998d6817874c5f7c8"},
    {file = "mypy-1.18.2-cp312-cp312-win_amd64.whl", hash = "sha256:d8068d0afe682c7c4897c0f7ce84ea77f6de953262b12d07038f4d296d547074"},
    {file = "mypy-1.18.2-cp313-cp313-macosx_10_13_x86_64.whl", hash = "sha256:07b8b0f580ca6d289e69209ec9d3911b4a26e5abfde32228a288eb79df129fcc"},
    {file = "mypy-1.18.2-cp313-cp313-macosx_11_0_arm64.whl", hash = "sha256:ed4482847168439651d3feee5833ccedbf6657e964572706a2adb1f7fa4dfe2e"},
    {file = "mypy-1.18.2-cp313-cp313-manylinux2014_aarch64.manylinux_2_17_aarch64.manylinux_2_28_aarch64.whl", hash = "sha256:c3ad2afadd1e9fea5cf99a45a822346971ede8685cc581ed9cd4d42eaf940986"},
    {file = "mypy-1.18.2-cp313-cp313-manylinux2014_x86_64.manylinux_2_17_x86_64.manylinux_2_28_x86_64.whl", hash = "sha256:a431a6f1ef14cf8c144c6b14793a23ec4eae3db28277c358136e79d7d062f62d"},
    {file = "mypy-1.18.2-cp313-cp313-musllinux_1_2_x86_64.whl", hash = "sha256:7ab28cc197f1dd77a67e1c6f35cd1f8e8b73ed2217e4fc005f9e6a504e46e7ba"},
    {file = "mypy-1.18.2-cp313-cp313-win_amd64.whl", hash = "sha256:0e2785a84b34a72ba55fb5daf079a1003a34c05b22238da94fcae2bbe46f3544"},
    {file = "mypy-1.18.2-cp314-cp314-macosx_10_13_x86_64.whl", hash = "sha256:62f0e1e988ad41c2a110edde6c398383a889d95b36b3e60bcf155f5164c4fdce"},
    {file = "mypy-1.18.2-cp314-cp314-macosx_11_0_arm64.whl", hash = "sha256:8795a039bab805ff0c1dfdb8cd3344642c2b99b8e439d057aba30850b8d3423d"},
    {file = "mypy-1.18.2-cp314-cp314-manylinux2014_aarch64.manylinux_2_17_aarch64.manylinux_2_28_aarch64.whl", hash = "sha256:6ca1e64b24a700ab5ce10133f7ccd956a04715463d30498e64ea8715236f9c9c"},
    {file = "mypy-1.18.2-cp314-cp314-manylinux2014_x86_64.manylinux_2_17_x86_64.manylinux_2_28_x86_64.whl", hash = "sha256:d924eef3795cc89fecf6bedc6ed32b33ac13e8321344f6ddbf8ee89f706c05cb"},
    {file = "mypy-1.18.2-cp314-cp314-musllinux_1_2_x86_64.whl", hash = "sha256:20c02215a080e3a2be3aa50506c67242df1c151eaba0dcbc1e4e557922a26075"},
    {file = "mypy-1.18.2-cp314-cp314-win_amd64.whl", hash = "sha256:749b5f83198f1ca64345603118a6f01a4e99ad4bf9d103ddc5a3200cc4614adf"},
    {file = "mypy-1.18.2-cp39-cp39-macosx_10_9_x86_64.whl", hash = "sha256:25a9c8fb67b00599f839cf472713f54249a62efd53a54b565eb61956a7e3296b"},
    {file = "mypy-1.18.2-cp39-cp39-macosx_11_0_arm64.whl", hash = "sha256:c2b9c7e284ee20e7598d6f42e13ca40b4928e6957ed6813d1ab6348aa3f47133"},
    {file = "mypy-1.18.2-cp39-cp39-manylinux2014_aarch64.manylinux_2_17_aarch64.manylinux_2_28_aarch64.whl", hash = "sha256:d6985ed057513e344e43a26cc1cd815c7a94602fb6a3130a34798625bc2f07b6"},
    {file = "mypy-1.18.2-cp39-cp39-manylinux2014_x86_64.manylinux_2_17_x86_64.manylinux_2_28_x86_64.whl", hash = "sha256:22f27105f1525ec024b5c630c0b9f36d5c1cc4d447d61fe51ff4bd60633f47ac"},
    {file = "mypy-1.18.2-cp39-cp39-musllinux_1_2_x86_64.whl", hash = "sha256:030c52d0ea8144e721e49b1f68391e39553d7451f0c3f8a7565b59e19fcb608b"},
    {file = "mypy-1.18.2-cp39-cp39-win_amd64.whl", hash = "sha256:aa5e07ac1a60a253445797e42b8b2963c9675563a94f11291ab40718b016a7a0"},
    {file = "mypy-1.18.2-py3-none-any.whl", hash = "sha256:22a1748707dd62b58d2ae53562ffc4d7f8bcc727e8ac7cbc69c053ddc874d47e"},
    {file = "mypy-1.18.2.tar.gz", hash = "sha256:06a398102a5f203d7477b2923dda3634c36727fa5c237d8f859ef90c42a9924b"},
]

[package.dependencies]
mypy_extensions = ">=1.0.0"
pathspec = ">=0.9.0"
typing_extensions = ">=4.6.0"

[package.extras]
dmypy = ["psutil (>=4.0)"]
faster-cache = ["orjson"]
install-types = ["pip"]
mypyc = ["setuptools (>=50)"]
reports = ["lxml"]

[[package]]
name = "mypy-extensions"
version = "1.1.0"
description = "Type system extensions for programs checked with the mypy type checker."
optional = false
python-versions = ">=3.8"
groups = ["dev"]
files = [
    {file = "mypy_extensions-1.1.0-py3-none-any.whl", hash = "sha256:1be4cccdb0f2482337c4743e60421de3a356cd97508abadd57d47403e94f5505"},
    {file = "mypy_extensions-1.1.0.tar.gz", hash = "sha256:52e68efc3284861e772bbcd66823fde5ae21fd2fdb51c62a211403730b916558"},
]

[[package]]
name = "pathspec"
version = "0.12.1"
description = "Utility library for gitignore style pattern matching of file paths."
optional = false
python-versions = ">=3.8"
groups = ["dev"]
files = [
    {file = "pathspec-0.12.1-py3-none-any.whl", hash = "sha256:a0d503e138a4c123b27490a4f7beda6a01c6f288df0e4a8b79c7eb0dc7b4cc08"},
    {file = "pathspec-0.12.1.tar.gz", hash = "sha256:a482d51503a1ab33b1c67a6c3813a26953dbdc71c31dacaef9a838c4e29f5712"},
]

[[package]]
name = "pypika-tortoise"
version = "0.6.2"
description = "Forked from pypika and streamline just for tortoise-orm"
optional = false
python-versions = ">=3.9"
groups = ["main"]
markers = "python_version < \"4.0\""
files = [
    {file = "pypika_tortoise-0.6.2-py3-none-any.whl", hash = "sha256:425462b02ede0a5ed7b812ec12427419927ed6b19282c55667d1cbc9a440d3cb"},
    {file = "pypika_tortoise-0.6.2.tar.gz", hash = "sha256:f95ab59d9b6454db2e8daa0934728458350a1f3d56e81d9d1debc8eebeff26b3"},
]

[[package]]
name = "pytz"
version = "2025.1"
description = "World timezone definitions, modern and historical"
optional = false
python-versions = "*"
groups = ["main"]
files = [
    {file = "pytz-2025.1-py2.py3-none-any.whl", hash = "sha256:89dd22dca55b46eac6eda23b2d72721bf1bdfef212645d81513ef5d03038de57"},
    {file = "pytz-2025.1.tar.gz", hash = "sha256:c2db42be2a2518b28e65f9207c4d05e6ff547d1efa4086469ef855e4ab70178e"},
]

[[package]]
name = "tortoise-orm"
version = "0.25.1"
description = "Easy async ORM for python, built with relations in mind"
optional = false
python-versions = ">=3.9"
groups = ["main"]
files = [
    {file = "tortoise_orm-0.25.1-py3-none-any.whl", hash = "sha256:df0ef7e06eb0650a7e5074399a51ee6e532043308c612db2cac3882486a3fd9f"},
    {file = "tortoise_orm-0.25.1.tar.gz", hash = "sha256:4d5bfd13d5750935ffe636a6b25597c5c8f51c47e5b72d7509d712eda1a239fe"},
]

[package.dependencies]
aiosqlite = ">=0.16.0,<1.0.0"
asyncpg = {version = "*", optional = true, markers = "extra == \"asyncpg\""}
iso8601 = {version = ">=2.1.0,<3.0.0", markers = "python_version < \"4.0\""}
pypika-tortoise = {version = ">=0.6.1,<1.0.0", markers = "python_version < \"4.0\""}
pytz = "*"

[package.extras]
accel = ["ciso8601 ; sys_platform != \"win32\" and implementation_name == \"cpython\"", "orjson", "uvloop ; sys_platform != \"win32\" and implementation_name == \"cpython\""]
aiomysql = ["aiomysql"]
asyncmy = ["asyncmy (>=0.2.8,<1.0.0) ; python_version < \"4.0\""]
asyncodbc = ["asyncodbc (>=0.1.1,<1.0.0) ; python_version < \"4.0\""]
asyncpg = ["asyncpg"]
psycopg = ["psycopg[binary,pool] (>=3.0.12,<4.0.0)"]

[[package]]
name = "typing-extensions"
version = "4.12.2"
description = "Backported and Experimental Type Hints for Python 3.8+"
optional = false
python-versions = ">=3.8"
groups = ["main", "dev"]
files = [
    {file = "typing_extensions-4.12.2-py3-none-any.whl", hash = "sha256:04e5ca0351e0f3f85c6853954072df659d0d13fac324d0072316b67d7794700d"},
    {file = "typing_extensions-4.12.2.tar.gz", hash = "sha256:1a7ead55c7e559dd4dee8856e3a88b41225abfe1ce8df57b7c13915fe121ffb8"},
]

[metadata]
lock-version = "2.1"
python-versions = ">=3.11"
content-hash = "edd8769b4271c821e0714b684773489b64f004d99d026279b96d16e3c4b6fe3b"
